
Microsoft Visual Studio Solution File, Format Version 12.00
# Visual Studio Version 17
VisualStudioVersion = 17.1.31911.260
MinimumVisualStudioVersion = 10.0.40219.1
Project("{9A19103F-16F7-4668-BE54-9A1E7A4F7556}") = "Crews.API", "Crews.API\Crews.API.csproj", "{4C59D988-2ACE-4F48-80DE-9B8AF60CD2F9}"
EndProject
Project("{FAE04EC0-301F-11D3-BF4B-00C04F79EFBC}") = "Crews.Infrastructure", "Crews.Infrastructure\Crews.Infrastructure.csproj", "{6B7E334A-5352-4FF4-8193-20904FFC2B6C}"
EndProject
Project("{FAE04EC0-301F-11D3-BF4B-00C04F79EFBC}") = "Crews.ExternalModule", "Crews.ExternalModule\Crews.ExternalModule.csproj", "{DAB54D09-0639-4EA0-BDF7-94D4458F8DD3}"
EndProject
Project("{FAE04EC0-301F-11D3-BF4B-00C04F79EFBC}") = "Crews.AnotherModule", "Crews.AnotherModule\Crews.AnotherModule.csproj", "{DF199A9C-264D-4897-A1B5-F9C03B76D875}"
EndProject
Global
	GlobalSection(SolutionConfigurationPlatforms) = preSolution
		Debug|Any CPU = Debug|Any CPU
		Release|Any CPU = Release|Any CPU
	EndGlobalSection
	GlobalSection(ProjectConfigurationPlatforms) = postSolution
		{4C59D988-2ACE-4F48-80DE-9B8AF60CD2F9}.Debug|Any CPU.ActiveCfg = Debug|Any CPU
		{4C59D988-2ACE-4F48-80DE-9B8AF60CD2F9}.Debug|Any CPU.Build.0 = Debug|Any CPU
		{4C59D988-2ACE-4F48-80DE-9B8AF60CD2F9}.Release|Any CPU.ActiveCfg = Release|Any CPU
		{4C59D988-2ACE-4F48-80DE-9B8AF60CD2F9}.Release|Any CPU.Build.0 = Release|Any CPU
		{6B7E334A-5352-4FF4-8193-20904FFC2B6C}.Debug|Any CPU.ActiveCfg = Debug|Any CPU
		{6B7E334A-5352-4FF4-8193-20904FFC2B6C}.Debug|Any CPU.Build.0 = Debug|Any CPU
		{6B7E334A-5352-4FF4-8193-20904FFC2B6C}.Release|Any CPU.ActiveCfg = Release|Any CPU
		{6B7E334A-5352-4FF4-8193-20904FFC2B6C}.Release|Any CPU.Build.0 = Release|Any CPU
		{DAB54D09-0639-4EA0-BDF7-94D4458F8DD3}.Debug|Any CPU.ActiveCfg = Debug|Any CPU
		{DAB54D09-0639-4EA0-BDF7-94D4458F8DD3}.Debug|Any CPU.Build.0 = Debug|Any CPU
		{DAB54D09-0639-4EA0-BDF7-94D4458F8DD3}.Release|Any CPU.ActiveCfg = Release|Any CPU
		{DAB54D09-0639-4EA0-BDF7-94D4458F8DD3}.Release|Any CPU.Build.0 = Release|Any CPU
		{DF199A9C-264D-4897-A1B5-F9C03B76D875}.Debug|Any CPU.ActiveCfg = Debug|Any CPU
		{DF199A9C-264D-4897-A1B5-F9C03B76D875}.Debug|Any CPU.Build.0 = Debug|Any CPU
		{DF199A9C-264D-4897-A1B5-F9C03B76D875}.Release|Any CPU.ActiveCfg = Release|Any CPU
		{DF199A9C-264D-4897-A1B5-F9C03B76D875}.Release|Any CPU.Build.0 = Release|Any CPU
	EndGlobalSection
	GlobalSection(SolutionProperties) = preSolution
		HideSolutionNode = FALSE
	EndGlobalSection
	GlobalSection(ExtensibilityGlobals) = postSolution
		SolutionGuid = {19F2A86C-1EB1-4E52-982D-DF1C208BF14D}
	EndGlobalSection
EndGlobal
